# generated by rye
# use `rye lock` or `rye sync` to update this lockfile
#
# last locked with the following flags:
#   pre: false
#   features: []
#   all-features: false
#   with-sources: false
#   generate-hashes: false
#   universal: false

-e file:.
altgraph==0.17.4
    # via pyinstaller
colored==2.2.4
    # via gooey
gooey==1.0.8.1
    # via gooey-pyinstaller-template
numpy==2.1.0
    # via wxpython
packaging==24.1
    # via pyinstaller
    # via pyinstaller-hooks-contrib
pefile==2024.8.26
    # via pyinstaller
pillow==10.4.0
    # via gooey
    # via wxpython
psutil==6.0.0
    # via gooey
pygtrie==2.5.0
    # via gooey
pyinstaller==6.10.0
    # via gooey-pyinstaller-template
pyinstaller-hooks-contrib==2024.8
    # via pyinstaller
pywin32-ctypes==0.2.3
    # via pyinstaller
setuptools==74.1.0
    # via pyinstaller
    # via pyinstaller-hooks-contrib
six==1.16.0
    # via wxpython
wxpython==4.2.1
    # via gooey
